
Microsoft Visual Studio Solution File, Format Version 12.00
# Visual Studio Version 17
VisualStudioVersion = 17.7.34009.444
MinimumVisualStudioVersion = 10.0.40219.1
Project("{FAE04EC0-301F-11D3-BF4B-00C04F79EFBC}") = "原神，启动！", "原神，启动！.csproj", "{9080DA41-0137-49D7-8999-3E3E20D9FBAC}"
EndProject
Global
	GlobalSection(SolutionConfigurationPlatforms) = preSolution
		Debug|Any CPU = Debug|Any CPU
		Release|Any CPU = Release|Any CPU
	EndGlobalSection
	GlobalSection(ProjectConfigurationPlatforms) = postSolution
		{9080DA41-0137-49D7-8999-3E3E20D9FBAC}.Debug|Any CPU.ActiveCfg = Debug|Any CPU
		{9080DA41-0137-49D7-8999-3E3E20D9FBAC}.Debug|Any CPU.Build.0 = Debug|Any CPU
		{9080DA41-0137-49D7-8999-3E3E20D9FBAC}.Release|Any CPU.ActiveCfg = Release|Any CPU
		{9080DA41-0137-49D7-8999-3E3E20D9FBAC}.Release|Any CPU.Build.0 = Release|Any CPU
	EndGlobalSection
	GlobalSection(SolutionProperties) = preSolution
		HideSolutionNode = FALSE
	EndGlobalSection
	GlobalSection(ExtensibilityGlobals) = postSolution
		SolutionGuid = {7C7C0602-4959-4D99-A21C-28058BBE7F31}
	EndGlobalSection
EndGlobal
